
Microsoft Visual Studio Solution File, Format Version 12.00
# Visual Studio Version 16
VisualStudioVersion = 16.0.29519.87
MinimumVisualStudioVersion = 15.0.26124.0
Project("{2150E333-8FDC-42A3-9474-1A3956D46DE8}") = "Repositories", "Repositories", "{6191AA2B-DE07-4C30-A8D7-7F6E6EA7A38C}"
EndProject
Project("{FAE04EC0-301F-11D3-BF4B-00C04F79EFBC}") = "PersonRepository.CSV", "PersonRepository.CSV\PersonRepository.CSV.csproj", "{E74471C9-BC25-44E4-9813-F4429D055715}"
EndProject
Project("{FAE04EC0-301F-11D3-BF4B-00C04F79EFBC}") = "PersonRepository.Interface", "PersonRepository.Interface\PersonRepository.Interface.csproj", "{F6143292-FA15-408B-84FA-CB9612F02E45}"
EndProject
Project("{2150E333-8FDC-42A3-9474-1A3956D46DE8}") = "Services", "Services", "{1996B222-F4C7-4AEF-A296-E6B1AF206AC7}"
EndProject
Project("{FAE04EC0-301F-11D3-BF4B-00C04F79EFBC}") = "PersonRepository.Service", "PersonRepository.Service\PersonRepository.Service.csproj", "{C2D4AA35-3E11-4C40-A22B-B4C45F6CC81E}"
EndProject
Project("{FAE04EC0-301F-11D3-BF4B-00C04F79EFBC}") = "PersonRepository.SQL", "PersonRepository.SQL\PersonRepository.SQL.csproj", "{D65002CD-3CB6-4FCC-A6B9-6A872083802E}"
EndProject
Project("{FAE04EC0-301F-11D3-BF4B-00C04F79EFBC}") = "People.Service", "People.Service\People.Service.csproj", "{AF3D2219-989D-4B47-AB27-5AE3440D88B4}"
EndProject
Project("{9A19103F-16F7-4668-BE54-9A1E7A4F7556}") = "Master", "Master\Master.csproj", "{87A7BC9C-A053-4823-AF89-A0D64290BD6E}"
EndProject
Global
	GlobalSection(SolutionConfigurationPlatforms) = preSolution
		Debug|Any CPU = Debug|Any CPU
		Debug|x64 = Debug|x64
		Debug|x86 = Debug|x86
		Release|Any CPU = Release|Any CPU
		Release|x64 = Release|x64
		Release|x86 = Release|x86
	EndGlobalSection
	GlobalSection(ProjectConfigurationPlatforms) = postSolution
		{E74471C9-BC25-44E4-9813-F4429D055715}.Debug|Any CPU.ActiveCfg = Debug|Any CPU
		{E74471C9-BC25-44E4-9813-F4429D055715}.Debug|Any CPU.Build.0 = Debug|Any CPU
		{E74471C9-BC25-44E4-9813-F4429D055715}.Debug|x64.ActiveCfg = Debug|Any CPU
		{E74471C9-BC25-44E4-9813-F4429D055715}.Debug|x64.Build.0 = Debug|Any CPU
		{E74471C9-BC25-44E4-9813-F4429D055715}.Debug|x86.ActiveCfg = Debug|Any CPU
		{E74471C9-BC25-44E4-9813-F4429D055715}.Debug|x86.Build.0 = Debug|Any CPU
		{E74471C9-BC25-44E4-9813-F4429D055715}.Release|Any CPU.ActiveCfg = Release|Any CPU
		{E74471C9-BC25-44E4-9813-F4429D055715}.Release|Any CPU.Build.0 = Release|Any CPU
		{E74471C9-BC25-44E4-9813-F4429D055715}.Release|x64.ActiveCfg = Release|Any CPU
		{E74471C9-BC25-44E4-9813-F4429D055715}.Release|x64.Build.0 = Release|Any CPU
		{E74471C9-BC25-44E4-9813-F4429D055715}.Release|x86.ActiveCfg = Release|Any CPU
		{E74471C9-BC25-44E4-9813-F4429D055715}.Release|x86.Build.0 = Release|Any CPU
		{F6143292-FA15-408B-84FA-CB9612F02E45}.Debug|Any CPU.ActiveCfg = Debug|Any CPU
		{F6143292-FA15-408B-84FA-CB9612F02E45}.Debug|Any CPU.Build.0 = Debug|Any CPU
		{F6143292-FA15-408B-84FA-CB9612F02E45}.Debug|x64.ActiveCfg = Debug|Any CPU
		{F6143292-FA15-408B-84FA-CB9612F02E45}.Debug|x64.Build.0 = Debug|Any CPU
		{F6143292-FA15-408B-84FA-CB9612F02E45}.Debug|x86.ActiveCfg = Debug|Any CPU
		{F6143292-FA15-408B-84FA-CB9612F02E45}.Debug|x86.Build.0 = Debug|Any CPU
		{F6143292-FA15-408B-84FA-CB9612F02E45}.Release|Any CPU.ActiveCfg = Release|Any CPU
		{F6143292-FA15-408B-84FA-CB9612F02E45}.Release|Any CPU.Build.0 = Release|Any CPU
		{F6143292-FA15-408B-84FA-CB9612F02E45}.Release|x64.ActiveCfg = Release|Any CPU
		{F6143292-FA15-408B-84FA-CB9612F02E45}.Release|x64.Build.0 = Release|Any CPU
		{F6143292-FA15-408B-84FA-CB9612F02E45}.Release|x86.ActiveCfg = Release|Any CPU
		{F6143292-FA15-408B-84FA-CB9612F02E45}.Release|x86.Build.0 = Release|Any CPU
		{C2D4AA35-3E11-4C40-A22B-B4C45F6CC81E}.Debug|Any CPU.ActiveCfg = Debug|Any CPU
		{C2D4AA35-3E11-4C40-A22B-B4C45F6CC81E}.Debug|Any CPU.Build.0 = Debug|Any CPU
		{C2D4AA35-3E11-4C40-A22B-B4C45F6CC81E}.Debug|x64.ActiveCfg = Debug|Any CPU
		{C2D4AA35-3E11-4C40-A22B-B4C45F6CC81E}.Debug|x64.Build.0 = Debug|Any CPU
		{C2D4AA35-3E11-4C40-A22B-B4C45F6CC81E}.Debug|x86.ActiveCfg = Debug|Any CPU
		{C2D4AA35-3E11-4C40-A22B-B4C45F6CC81E}.Debug|x86.Build.0 = Debug|Any CPU
		{C2D4AA35-3E11-4C40-A22B-B4C45F6CC81E}.Release|Any CPU.ActiveCfg = Release|Any CPU
		{C2D4AA35-3E11-4C40-A22B-B4C45F6CC81E}.Release|Any CPU.Build.0 = Release|Any CPU
		{C2D4AA35-3E11-4C40-A22B-B4C45F6CC81E}.Release|x64.ActiveCfg = Release|Any CPU
		{C2D4AA35-3E11-4C40-A22B-B4C45F6CC81E}.Release|x64.Build.0 = Release|Any CPU
		{C2D4AA35-3E11-4C40-A22B-B4C45F6CC81E}.Release|x86.ActiveCfg = Release|Any CPU
		{C2D4AA35-3E11-4C40-A22B-B4C45F6CC81E}.Release|x86.Build.0 = Release|Any CPU
		{D65002CD-3CB6-4FCC-A6B9-6A872083802E}.Debug|Any CPU.ActiveCfg = Debug|Any CPU
		{D65002CD-3CB6-4FCC-A6B9-6A872083802E}.Debug|Any CPU.Build.0 = Debug|Any CPU
		{D65002CD-3CB6-4FCC-A6B9-6A872083802E}.Debug|x64.ActiveCfg = Debug|Any CPU
		{D65002CD-3CB6-4FCC-A6B9-6A872083802E}.Debug|x64.Build.0 = Debug|Any CPU
		{D65002CD-3CB6-4FCC-A6B9-6A872083802E}.Debug|x86.ActiveCfg = Debug|Any CPU
		{D65002CD-3CB6-4FCC-A6B9-6A872083802E}.Debug|x86.Build.0 = Debug|Any CPU
		{D65002CD-3CB6-4FCC-A6B9-6A872083802E}.Release|Any CPU.ActiveCfg = Release|Any CPU
		{D65002CD-3CB6-4FCC-A6B9-6A872083802E}.Release|Any CPU.Build.0 = Release|Any CPU
		{D65002CD-3CB6-4FCC-A6B9-6A872083802E}.Release|x64.ActiveCfg = Release|Any CPU
		{D65002CD-3CB6-4FCC-A6B9-6A872083802E}.Release|x64.Build.0 = Release|Any CPU
		{D65002CD-3CB6-4FCC-A6B9-6A872083802E}.Release|x86.ActiveCfg = Release|Any CPU
		{D65002CD-3CB6-4FCC-A6B9-6A872083802E}.Release|x86.Build.0 = Release|Any CPU
		{AF3D2219-989D-4B47-AB27-5AE3440D88B4}.Debug|Any CPU.ActiveCfg = Debug|Any CPU
		{AF3D2219-989D-4B47-AB27-5AE3440D88B4}.Debug|Any CPU.Build.0 = Debug|Any CPU
		{AF3D2219-989D-4B47-AB27-5AE3440D88B4}.Debug|x64.ActiveCfg = Debug|Any CPU
		{AF3D2219-989D-4B47-AB27-5AE3440D88B4}.Debug|x64.Build.0 = Debug|Any CPU
		{AF3D2219-989D-4B47-AB27-5AE3440D88B4}.Debug|x86.ActiveCfg = Debug|Any CPU
		{AF3D2219-989D-4B47-AB27-5AE3440D88B4}.Debug|x86.Build.0 = Debug|Any CPU
		{AF3D2219-989D-4B47-AB27-5AE3440D88B4}.Release|Any CPU.ActiveCfg = Release|Any CPU
		{AF3D2219-989D-4B47-AB27-5AE3440D88B4}.Release|Any CPU.Build.0 = Release|Any CPU
		{AF3D2219-989D-4B47-AB27-5AE3440D88B4}.Release|x64.ActiveCfg = Release|Any CPU
		{AF3D2219-989D-4B47-AB27-5AE3440D88B4}.Release|x64.Build.0 = Release|Any CPU
		{AF3D2219-989D-4B47-AB27-5AE3440D88B4}.Release|x86.ActiveCfg = Release|Any CPU
		{AF3D2219-989D-4B47-AB27-5AE3440D88B4}.Release|x86.Build.0 = Release|Any CPU
		{87A7BC9C-A053-4823-AF89-A0D64290BD6E}.Debug|Any CPU.ActiveCfg = Debug|Any CPU
		{87A7BC9C-A053-4823-AF89-A0D64290BD6E}.Debug|Any CPU.Build.0 = Debug|Any CPU
		{87A7BC9C-A053-4823-AF89-A0D64290BD6E}.Debug|x64.ActiveCfg = Debug|Any CPU
		{87A7BC9C-A053-4823-AF89-A0D64290BD6E}.Debug|x64.Build.0 = Debug|Any CPU
		{87A7BC9C-A053-4823-AF89-A0D64290BD6E}.Debug|x86.ActiveCfg = Debug|Any CPU
		{87A7BC9C-A053-4823-AF89-A0D64290BD6E}.Debug|x86.Build.0 = Debug|Any CPU
		{87A7BC9C-A053-4823-AF89-A0D64290BD6E}.Release|Any CPU.ActiveCfg = Release|Any CPU
		{87A7BC9C-A053-4823-AF89-A0D64290BD6E}.Release|Any CPU.Build.0 = Release|Any CPU
		{87A7BC9C-A053-4823-AF89-A0D64290BD6E}.Release|x64.ActiveCfg = Release|Any CPU
		{87A7BC9C-A053-4823-AF89-A0D64290BD6E}.Release|x64.Build.0 = Release|Any CPU
		{87A7BC9C-A053-4823-AF89-A0D64290BD6E}.Release|x86.ActiveCfg = Release|Any CPU
		{87A7BC9C-A053-4823-AF89-A0D64290BD6E}.Release|x86.Build.0 = Release|Any CPU
	EndGlobalSection
	GlobalSection(SolutionProperties) = preSolution
		HideSolutionNode = FALSE
	EndGlobalSection
	GlobalSection(NestedProjects) = preSolution
		{E74471C9-BC25-44E4-9813-F4429D055715} = {6191AA2B-DE07-4C30-A8D7-7F6E6EA7A38C}
		{F6143292-FA15-408B-84FA-CB9612F02E45} = {6191AA2B-DE07-4C30-A8D7-7F6E6EA7A38C}
		{C2D4AA35-3E11-4C40-A22B-B4C45F6CC81E} = {6191AA2B-DE07-4C30-A8D7-7F6E6EA7A38C}
		{D65002CD-3CB6-4FCC-A6B9-6A872083802E} = {6191AA2B-DE07-4C30-A8D7-7F6E6EA7A38C}
		{AF3D2219-989D-4B47-AB27-5AE3440D88B4} = {1996B222-F4C7-4AEF-A296-E6B1AF206AC7}
	EndGlobalSection
	GlobalSection(ExtensibilityGlobals) = postSolution
		SolutionGuid = {B76D8728-6D74-4F9C-BB3B-F03AA56CF3EC}
	EndGlobalSection
EndGlobal
